
Microsoft Visual Studio Solution File, Format Version 12.00
# Visual Studio Version 17
VisualStudioVersion = 17.8.34511.84
MinimumVisualStudioVersion = 10.0.40219.1
Project("{FAE04EC0-301F-11D3-BF4B-00C04F79EFBC}") = "PokeDo", "PokeDo\PokeDo.csproj", "{137492A9-5099-48EF-AE6A-B2F16817B380}"
EndProject
Global
	GlobalSection(SolutionConfigurationPlatforms) = preSolution
		Debug|Any CPU = Debug|Any CPU
		Release|Any CPU = Release|Any CPU
	EndGlobalSection
	GlobalSection(ProjectConfigurationPlatforms) = postSolution
		{137492A9-5099-48EF-AE6A-B2F16817B380}.Debug|Any CPU.ActiveCfg = Debug|Any CPU
		{137492A9-5099-48EF-AE6A-B2F16817B380}.Debug|Any CPU.Build.0 = Debug|Any CPU
		{137492A9-5099-48EF-AE6A-B2F16817B380}.Release|Any CPU.ActiveCfg = Release|Any CPU
		{137492A9-5099-48EF-AE6A-B2F16817B380}.Release|Any CPU.Build.0 = Release|Any CPU
	EndGlobalSection
	GlobalSection(SolutionProperties) = preSolution
		HideSolutionNode = FALSE
	EndGlobalSection
	GlobalSection(ExtensibilityGlobals) = postSolution
		SolutionGuid = {64C24491-FAC8-494A-A670-5F72E913DAC1}
	EndGlobalSection
EndGlobal
